
Microsoft Visual Studio Solution File, Format Version 12.00
# Visual Studio Version 17
VisualStudioVersion = 17.10.35013.160
MinimumVisualStudioVersion = 10.0.40219.1
Project("{FAE04EC0-301F-11D3-BF4B-00C04F79EFBC}") = "mystyle", "mystyle\mystyle.csproj", "{1CED1533-585C-4B19-A608-D993088C5EB6}"
EndProject
Global
	GlobalSection(SolutionConfigurationPlatforms) = preSolution
		Debug|Any CPU = Debug|Any CPU
		Release|Any CPU = Release|Any CPU
	EndGlobalSection
	GlobalSection(ProjectConfigurationPlatforms) = postSolution
		{1CED1533-585C-4B19-A608-D993088C5EB6}.Debug|Any CPU.ActiveCfg = Debug|Any CPU
		{1CED1533-585C-4B19-A608-D993088C5EB6}.Debug|Any CPU.Build.0 = Debug|Any CPU
		{1CED1533-585C-4B19-A608-D993088C5EB6}.Release|Any CPU.ActiveCfg = Release|Any CPU
		{1CED1533-585C-4B19-A608-D993088C5EB6}.Release|Any CPU.Build.0 = Release|Any CPU
	EndGlobalSection
	GlobalSection(SolutionProperties) = preSolution
		HideSolutionNode = FALSE
	EndGlobalSection
	GlobalSection(ExtensibilityGlobals) = postSolution
		SolutionGuid = {549F6B94-8674-41C5-9702-7019896C49C0}
	EndGlobalSection
EndGlobal
